
Microsoft Visual Studio Solution File, Format Version 12.00
# Visual Studio Version 17
VisualStudioVersion = 17.5.33530.505
MinimumVisualStudioVersion = 10.0.40219.1
Project("{FAE04EC0-301F-11D3-BF4B-00C04F79EFBC}") = "WhiteStar", "WhiteStar\WhiteStar.csproj", "{7D966F4E-4FC8-4A36-A8B3-96C08BD5AF7B}"
EndProject
Global
	GlobalSection(SolutionConfigurationPlatforms) = preSolution
		Debug|Any CPU = Debug|Any CPU
		Release|Any CPU = Release|Any CPU
	EndGlobalSection
	GlobalSection(ProjectConfigurationPlatforms) = postSolution
		{7D966F4E-4FC8-4A36-A8B3-96C08BD5AF7B}.Debug|Any CPU.ActiveCfg = Debug|Any CPU
		{7D966F4E-4FC8-4A36-A8B3-96C08BD5AF7B}.Debug|Any CPU.Build.0 = Debug|Any CPU
		{7D966F4E-4FC8-4A36-A8B3-96C08BD5AF7B}.Release|Any CPU.ActiveCfg = Release|Any CPU
		{7D966F4E-4FC8-4A36-A8B3-96C08BD5AF7B}.Release|Any CPU.Build.0 = Release|Any CPU
	EndGlobalSection
	GlobalSection(SolutionProperties) = preSolution
		HideSolutionNode = FALSE
	EndGlobalSection
	GlobalSection(ExtensibilityGlobals) = postSolution
		SolutionGuid = {94ABB982-82B4-4B84-B25E-3EC8A57E492B}
	EndGlobalSection
EndGlobal
